import type { Racer, RaceWeather, Ticket } from './types';

export type OddsMap = Record<string, number>;

const laneBias: Record<number, number> = { 1: 1.22, 2: 1.03, 3: 1.0, 4: 0.94, 5: 0.86, 6: 0.74 };
const classBias: Record<string, number> = { A1: 1.12, A2: 1.03, B1: 0.92, B2: 0.84 };

export function racerScore(racer: Racer, weather: RaceWeather): number {
  const startScore = Math.max(0, (0.24 - racer.avgStart) * 180);
  const exhibitionScore = Math.max(0, (6.95 - racer.exhibitionTime) * 45);
  const windPenalty = weather.windSpeed >= 5 && racer.lane === 1 ? -5 : 0;
  const wavePenalty = weather.waveHeight >= 5 && racer.lane >= 5 ? -3 : 0;

  const raw =
    racer.nationalWinRate * 9 +
    racer.localWinRate * 5 +
    racer.motorRate * 0.45 +
    racer.boatRate * 0.25 +
    startScore +
    exhibitionScore +
    windPenalty +
    wavePenalty;

  return Math.max(1, raw * (laneBias[racer.lane] || 1) * (classBias[racer.className] || 1));
}

export function winProbabilities(racers: Racer[], weather: RaceWeather) {
  const scores = racers.map((r) => ({ lane: r.lane, score: racerScore(r, weather) }));
  const total = scores.reduce((sum, item) => sum + item.score, 0) || 1;
  return scores.map((item) => ({ lane: item.lane, score: item.score, probability: item.score / total }));
}

export function generateTrifectaTickets(racers: Racer[], weather: RaceWeather, oddsMap: OddsMap = {}): Ticket[] {
  const probs = winProbabilities(racers, weather);
  const pMap = new Map(probs.map((p) => [p.lane, p.probability]));
  const tickets: Ticket[] = [];

  for (const first of racers) {
    for (const second of racers) {
      for (const third of racers) {
        if (first.lane === second.lane || first.lane === third.lane || second.lane === third.lane) continue;
        const p1 = pMap.get(first.lane) || 0;
        const p2 = (pMap.get(second.lane) || 0) / Math.max(0.01, 1 - p1);
        const p3 = (pMap.get(third.lane) || 0) / Math.max(0.01, 1 - p1 - (pMap.get(second.lane) || 0));
        const probability = Math.max(0.0001, p1 * p2 * p3 * 0.78);
        const combination = `${first.lane}-${second.lane}-${third.lane}`;
        const manualOdds = Number(oddsMap[combination] || 0);
        const odds = manualOdds > 0 ? manualOdds : estimateOdds(probability, first.oddsWin, second.oddsWin, third.oddsWin);
        const ev = probability * odds * 100;
        tickets.push({
          combination,
          probability,
          odds,
          ev,
          rank: ev >= 120 ? 'BUY' : ev >= 100 ? 'WATCH' : 'SKIP',
          oddsSource: manualOdds > 0 ? 'manual' : 'estimated'
        });
      }
    }
  }
  return tickets.sort((a, b) => b.ev - a.ev);
}

function estimateOdds(probability: number, firstOdds: number, secondOdds: number, thirdOdds: number) {
  const market = (firstOdds * 0.48 + secondOdds * 0.28 + thirdOdds * 0.18) * 1.25;
  const fair = 1 / Math.max(probability, 0.0001) * 0.75;
  return Math.round(((market + fair) / 2) * 10) / 10;
}

export function verdict(tickets: Ticket[]) {
  const top = tickets[0];
  if (!top) return { label: 'データ不足', detail: '出走表を入力してください' };
  if (top.ev >= 130) return { label: '購入候補', detail: `最上位 ${top.combination} / EV ${top.ev.toFixed(0)}` };
  if (top.ev >= 110) return { label: '少額注意', detail: `妙味あり ${top.combination} / EV ${top.ev.toFixed(0)}` };
  return { label: '見送り', detail: '期待値が足りません' };
}
